
Microsoft Visual Studio Solution File, Format Version 12.00
# Visual Studio Version 17
VisualStudioVersion = 17.4.33110.190
MinimumVisualStudioVersion = 10.0.40219.1
Project("{FAE04EC0-301F-11D3-BF4B-00C04F79EFBC}") = "BotCommunication", "BotCommunication\BotCommunication.csproj", "{F94AAAF2-54CB-4983-AD56-776C3818B230}"
EndProject
Global
	GlobalSection(SolutionConfigurationPlatforms) = preSolution
		Debug|Any CPU = Debug|Any CPU
		Release|Any CPU = Release|Any CPU
	EndGlobalSection
	GlobalSection(ProjectConfigurationPlatforms) = postSolution
		{F94AAAF2-54CB-4983-AD56-776C3818B230}.Debug|Any CPU.ActiveCfg = Debug|Any CPU
		{F94AAAF2-54CB-4983-AD56-776C3818B230}.Debug|Any CPU.Build.0 = Debug|Any CPU
		{F94AAAF2-54CB-4983-AD56-776C3818B230}.Release|Any CPU.ActiveCfg = Release|Any CPU
		{F94AAAF2-54CB-4983-AD56-776C3818B230}.Release|Any CPU.Build.0 = Release|Any CPU
	EndGlobalSection
	GlobalSection(SolutionProperties) = preSolution
		HideSolutionNode = FALSE
	EndGlobalSection
	GlobalSection(ExtensibilityGlobals) = postSolution
		SolutionGuid = {3D584FC1-1AB9-4E8A-AB80-3F4F3F018423}
	EndGlobalSection
EndGlobal
